// !$*UTF8*$!
{
	archiveVersion = 1;
	classes = {
	};
	objectVersion = 50;
	objects = {

/* Begin PBXBuildFile section */
		CEB57E26268200AF00DC626F /* TestPod.framework in Frameworks */ = {isa = PBXBuildFile; fileRef = CEB57E1C268200AF00DC626F /* TestPod.framework */; };
		CEB57E2B268200AF00DC626F /* TestPodTests.swift in Sources */ = {isa = PBXBuildFile; fileRef = CEB57E2A268200AF00DC626F /* TestPodTests.swift */; };
		CEB57E2D268200AF00DC626F /* TestPod.h in Headers */ = {isa = PBXBuildFile; fileRef = CEB57E1F268200AF00DC626F /* TestPod.h */; settings = {ATTRIBUTES = (Public, ); }; };
		CEB57E37268200CC00DC626F /* TestPod.swift in Sources */ = {isa = PBXBuildFile; fileRef = CEB57E36268200CC00DC626F /* TestPod.swift */; };
		CEB57E5E268202C700DC626F /* AppDelegate.swift in Sources */ = {isa = PBXBuildFile; fileRef = CEB57E5D268202C700DC626F /* AppDelegate.swift */; };
		CEB57E60268202C700DC626F /* SceneDelegate.swift in Sources */ = {isa = PBXBuildFile; fileRef = CEB57E5F268202C700DC626F /* SceneDelegate.swift */; };
		CEB57E62268202C700DC626F /* ViewController.swift in Sources */ = {isa = PBXBuildFile; fileRef = CEB57E61268202C700DC626F /* ViewController.swift */; };
		CEB57E65268202C700DC626F /* Main.storyboard in Resources */ = {isa = PBXBuildFile; fileRef = CEB57E63268202C700DC626F /* Main.storyboard */; };
		CEB57E67268202C800DC626F /* Assets.xcassets in Resources */ = {isa = PBXBuildFile; fileRef = CEB57E66268202C800DC626F /* Assets.xcassets */; };
		CEB57E6A268202C800DC626F /* LaunchScreen.storyboard in Resources */ = {isa = PBXBuildFile; fileRef = CEB57E68268202C800DC626F /* LaunchScreen.storyboard */; };
/* End PBXBuildFile section */

/* Begin PBXContainerItemProxy section */
		CEB57E27268200AF00DC626F /* PBXContainerItemProxy */ = {
			isa = PBXContainerItemProxy;
			containerPortal = CEB57E13268200AE00DC626F /* Project object */;
			proxyType = 1;
			remoteGlobalIDString = CEB57E1B268200AF00DC626F;
			remoteInfo = TestPod;
		};
/* End PBXContainerItemProxy section */

/* Begin PBXFileReference section */
		CEB57E1C268200AF00DC626F /* TestPod.framework */ = {isa = PBXFileReference; explicitFileType = wrapper.framework; includeInIndex = 0; path = TestPod.framework; sourceTree = BUILT_PRODUCTS_DIR; };
		CEB57E1F268200AF00DC626F /* TestPod.h */ = {isa = PBXFileReference; lastKnownFileType = sourcecode.c.h; path = TestPod.h; sourceTree = "<group>"; };
		CEB57E20268200AF00DC626F /* Info.plist */ = {isa = PBXFileReference; lastKnownFileType = text.plist.xml; path = Info.plist; sourceTree = "<group>"; };
		CEB57E25268200AF00DC626F /* TestPodTests.xctest */ = {isa = PBXFileReference; explicitFileType = wrapper.cfbundle; includeInIndex = 0; path = TestPodTests.xctest; sourceTree = BUILT_PRODUCTS_DIR; };
		CEB57E2A268200AF00DC626F /* TestPodTests.swift */ = {isa = PBXFileReference; lastKnownFileType = sourcecode.swift; path = TestPodTests.swift; sourceTree = "<group>"; };
		CEB57E2C268200AF00DC626F /* Info.plist */ = {isa = PBXFileReference; lastKnownFileType = text.plist.xml; path = Info.plist; sourceTree = "<group>"; };
		CEB57E36268200CC00DC626F /* TestPod.swift */ = {isa = PBXFileReference; lastKnownFileType = sourcecode.swift; path = TestPod.swift; sourceTree = "<group>"; };
		CEB57E392682022400DC626F /* TestPodExampleApp.swift */ = {isa = PBXFileReference; lastKnownFileType = sourcecode.swift; path = TestPodExampleApp.swift; sourceTree = "<group>"; };
		CEB57E3A2682022400DC626F /* ContentView.swift */ = {isa = PBXFileReference; lastKnownFileType = sourcecode.swift; path = ContentView.swift; sourceTree = "<group>"; };
		CEB57E3B2682022700DC626F /* Assets.xcassets */ = {isa = PBXFileReference; lastKnownFileType = folder.assetcatalog; path = Assets.xcassets; sourceTree = "<group>"; };
		CEB57E5B268202C700DC626F /* TestPodExample.app */ = {isa = PBXFileReference; explicitFileType = wrapper.application; includeInIndex = 0; path = TestPodExample.app; sourceTree = BUILT_PRODUCTS_DIR; };
		CEB57E5D268202C700DC626F /* AppDelegate.swift */ = {isa = PBXFileReference; lastKnownFileType = sourcecode.swift; path = AppDelegate.swift; sourceTree = "<group>"; };
		CEB57E5F268202C700DC626F /* SceneDelegate.swift */ = {isa = PBXFileReference; lastKnownFileType = sourcecode.swift; path = SceneDelegate.swift; sourceTree = "<group>"; };
		CEB57E61268202C700DC626F /* ViewController.swift */ = {isa = PBXFileReference; lastKnownFileType = sourcecode.swift; path = ViewController.swift; sourceTree = "<group>"; };
		CEB57E64268202C700DC626F /* Base */ = {isa = PBXFileReference; lastKnownFileType = file.storyboard; name = Base; path = Base.lproj/Main.storyboard; sourceTree = "<group>"; };
		CEB57E66268202C800DC626F /* Assets.xcassets */ = {isa = PBXFileReference; lastKnownFileType = folder.assetcatalog; path = Assets.xcassets; sourceTree = "<group>"; };
		CEB57E69268202C800DC626F /* Base */ = {isa = PBXFileReference; lastKnownFileType = file.storyboard; name = Base; path = Base.lproj/LaunchScreen.storyboard; sourceTree = "<group>"; };
		CEB57E6B268202C800DC626F /* Info.plist */ = {isa = PBXFileReference; lastKnownFileType = text.plist.xml; path = Info.plist; sourceTree = "<group>"; };
/* End PBXFileReference section */

/* Begin PBXFrameworksBuildPhase section */
		CEB57E19268200AF00DC626F /* Frameworks */ = {
			isa = PBXFrameworksBuildPhase;
			buildActionMask = 2147483647;
			files = (
			);
			runOnlyForDeploymentPostprocessing = 0;
		};
		CEB57E22268200AF00DC626F /* Frameworks */ = {
			isa = PBXFrameworksBuildPhase;
			buildActionMask = 2147483647;
			files = (
				CEB57E26268200AF00DC626F /* TestPod.framework in Frameworks */,
			);
			runOnlyForDeploymentPostprocessing = 0;
		};
		CEB57E58268202C700DC626F /* Frameworks */ = {
			isa = PBXFrameworksBuildPhase;
			buildActionMask = 2147483647;
			files = (
			);
			runOnlyForDeploymentPostprocessing = 0;
		};
/* End PBXFrameworksBuildPhase section */

/* Begin PBXGroup section */
		CEB57E12268200AE00DC626F = {
			isa = PBXGroup;
			children = (
				CEB57E1E268200AF00DC626F /* TestPod */,
				CEB57E29268200AF00DC626F /* TestPodTests */,
				CEB57E382682022400DC626F /* Shared */,
				CEB57E5C268202C700DC626F /* TestPodExample */,
				CEB57E1D268200AF00DC626F /* Products */,
			);
			sourceTree = "<group>";
		};
		CEB57E1D268200AF00DC626F /* Products */ = {
			isa = PBXGroup;
			children = (
				CEB57E1C268200AF00DC626F /* TestPod.framework */,
				CEB57E25268200AF00DC626F /* TestPodTests.xctest */,
				CEB57E5B268202C700DC626F /* TestPodExample.app */,
			);
			name = Products;
			sourceTree = "<group>";
		};
		CEB57E1E268200AF00DC626F /* TestPod */ = {
			isa = PBXGroup;
			children = (
				CEB57E1F268200AF00DC626F /* TestPod.h */,
				CEB57E20268200AF00DC626F /* Info.plist */,
				CEB57E36268200CC00DC626F /* TestPod.swift */,
			);
			path = TestPod;
			sourceTree = "<group>";
		};
		CEB57E29268200AF00DC626F /* TestPodTests */ = {
			isa = PBXGroup;
			children = (
				CEB57E2A268200AF00DC626F /* TestPodTests.swift */,
				CEB57E2C268200AF00DC626F /* Info.plist */,
			);
			path = TestPodTests;
			sourceTree = "<group>";
		};
		CEB57E382682022400DC626F /* Shared */ = {
			isa = PBXGroup;
			children = (
				CEB57E392682022400DC626F /* TestPodExampleApp.swift */,
				CEB57E3A2682022400DC626F /* ContentView.swift */,
				CEB57E3B2682022700DC626F /* Assets.xcassets */,
			);
			path = Shared;
			sourceTree = "<group>";
		};
		CEB57E5C268202C700DC626F /* TestPodExample */ = {
			isa = PBXGroup;
			children = (
				CEB57E5D268202C700DC626F /* AppDelegate.swift */,
				CEB57E5F268202C700DC626F /* SceneDelegate.swift */,
				CEB57E61268202C700DC626F /* ViewController.swift */,
				CEB57E63268202C700DC626F /* Main.storyboard */,
				CEB57E66268202C800DC626F /* Assets.xcassets */,
				CEB57E68268202C800DC626F /* LaunchScreen.storyboard */,
				CEB57E6B268202C800DC626F /* Info.plist */,
			);
			path = TestPodExample;
			sourceTree = "<group>";
		};
/* End PBXGroup section */

/* Begin PBXHeadersBuildPhase section */
		CEB57E17268200AF00DC626F /* Headers */ = {
			isa = PBXHeadersBuildPhase;
			buildActionMask = 2147483647;
			files = (
				CEB57E2D268200AF00DC626F /* TestPod.h in Headers */,
			);
			runOnlyForDeploymentPostprocessing = 0;
		};
/* End PBXHeadersBuildPhase section */

/* Begin PBXNativeTarget section */
		CEB57E1B268200AF00DC626F /* TestPod */ = {
			isa = PBXNativeTarget;
			buildConfigurationList = CEB57E30268200AF00DC626F /* Build configuration list for PBXNativeTarget "TestPod" */;
			buildPhases = (
				CEB57E17268200AF00DC626F /* Headers */,
				CEB57E18268200AF00DC626F /* Sources */,
				CEB57E19268200AF00DC626F /* Frameworks */,
				CEB57E1A268200AF00DC626F /* Resources */,
			);
			buildRules = (
			);
			dependencies = (
			);
			name = TestPod;
			productName = TestPod;
			productReference = CEB57E1C268200AF00DC626F /* TestPod.framework */;
			productType = "com.apple.product-type.framework";
		};
		CEB57E24268200AF00DC626F /* TestPodTests */ = {
			isa = PBXNativeTarget;
			buildConfigurationList = CEB57E33268200AF00DC626F /* Build configuration list for PBXNativeTarget "TestPodTests" */;
			buildPhases = (
				CEB57E21268200AF00DC626F /* Sources */,
				CEB57E22268200AF00DC626F /* Frameworks */,
				CEB57E23268200AF00DC626F /* Resources */,
			);
			buildRules = (
			);
			dependencies = (
				CEB57E28268200AF00DC626F /* PBXTargetDependency */,
			);
			name = TestPodTests;
			productName = TestPodTests;
			productReference = CEB57E25268200AF00DC626F /* TestPodTests.xctest */;
			productType = "com.apple.product-type.bundle.unit-test";
		};
		CEB57E5A268202C700DC626F /* TestPodExample */ = {
			isa = PBXNativeTarget;
			buildConfigurationList = CEB57E6C268202C800DC626F /* Build configuration list for PBXNativeTarget "TestPodExample" */;
			buildPhases = (
				CEB57E57268202C700DC626F /* Sources */,
				CEB57E58268202C700DC626F /* Frameworks */,
				CEB57E59268202C700DC626F /* Resources */,
			);
			buildRules = (
			);
			dependencies = (
			);
			name = TestPodExample;
			productName = TestPodExample;
			productReference = CEB57E5B268202C700DC626F /* TestPodExample.app */;
			productType = "com.apple.product-type.application";
		};
/* End PBXNativeTarget section */

/* Begin PBXProject section */
		CEB57E13268200AE00DC626F /* Project object */ = {
			isa = PBXProject;
			attributes = {
				LastSwiftUpdateCheck = 1250;
				LastUpgradeCheck = 1250;
				TargetAttributes = {
					CEB57E1B268200AF00DC626F = {
						CreatedOnToolsVersion = 12.5;
						LastSwiftMigration = 1250;
					};
					CEB57E24268200AF00DC626F = {
						CreatedOnToolsVersion = 12.5;
					};
					CEB57E5A268202C700DC626F = {
						CreatedOnToolsVersion = 12.5;
					};
				};
			};
			buildConfigurationList = CEB57E16268200AE00DC626F /* Build configuration list for PBXProject "TestPod" */;
			compatibilityVersion = "Xcode 9.3";
			developmentRegion = en;
			hasScannedForEncodings = 0;
			knownRegions = (
				en,
				Base,
			);
			mainGroup = CEB57E12268200AE00DC626F;
			productRefGroup = CEB57E1D268200AF00DC626F /* Products */;
			projectDirPath = "";
			projectRoot = "";
			targets = (
				CEB57E1B268200AF00DC626F /* TestPod */,
				CEB57E24268200AF00DC626F /* TestPodTests */,
				CEB57E5A268202C700DC626F /* TestPodExample */,
			);
		};
/* End PBXProject section */

/* Begin PBXResourcesBuildPhase section */
		CEB57E1A268200AF00DC626F /* Resources */ = {
			isa = PBXResourcesBuildPhase;
			buildActionMask = 2147483647;
			files = (
			);
			runOnlyForDeploymentPostprocessing = 0;
		};
		CEB57E23268200AF00DC626F /* Resources */ = {
			isa = PBXResourcesBuildPhase;
			buildActionMask = 2147483647;
			files = (
			);
			runOnlyForDeploymentPostprocessing = 0;
		};
		CEB57E59268202C700DC626F /* Resources */ = {
			isa = PBXResourcesBuildPhase;
			buildActionMask = 2147483647;
			files = (
				CEB57E6A268202C800DC626F /* LaunchScreen.storyboard in Resources */,
				CEB57E67268202C800DC626F /* Assets.xcassets in Resources */,
				CEB57E65268202C700DC626F /* Main.storyboard in Resources */,
			);
			runOnlyForDeploymentPostprocessing = 0;
		};
/* End PBXResourcesBuildPhase section */

/* Begin PBXSourcesBuildPhase section */
		CEB57E18268200AF00DC626F /* Sources */ = {
			isa = PBXSourcesBuildPhase;
			buildActionMask = 2147483647;
			files = (
				CEB57E37268200CC00DC626F /* TestPod.swift in Sources */,
			);
			runOnlyForDeploymentPostprocessing = 0;
		};
		CEB57E21268200AF00DC626F /* Sources */ = {
			isa = PBXSourcesBuildPhase;
			buildActionMask = 2147483647;
			files = (
				CEB57E2B268200AF00DC626F /* TestPodTests.swift in Sources */,
			);
			runOnlyForDeploymentPostprocessing = 0;
		};
		CEB57E57268202C700DC626F /* Sources */ = {
			isa = PBXSourcesBuildPhase;
			buildActionMask = 2147483647;
			files = (
				CEB57E62268202C700DC626F /* ViewController.swift in Sources */,
				CEB57E5E268202C700DC626F /* AppDelegate.swift in Sources */,
				CEB57E60268202C700DC626F /* SceneDelegate.swift in Sources */,
			);
			runOnlyForDeploymentPostprocessing = 0;
		};
/* End PBXSourcesBuildPhase section */

/* Begin PBXTargetDependency section */
		CEB57E28268200AF00DC626F /* PBXTargetDependency */ = {
			isa = PBXTargetDependency;
			target = CEB57E1B268200AF00DC626F /* TestPod */;
			targetProxy = CEB57E27268200AF00DC626F /* PBXContainerItemProxy */;
		};
/* End PBXTargetDependency section */

/* Begin PBXVariantGroup section */
		CEB57E63268202C700DC626F /* Main.storyboard */ = {
			isa = PBXVariantGroup;
			children = (
				CEB57E64268202C700DC626F /* Base */,
			);
			name = Main.storyboard;
			sourceTree = "<group>";
		};
		CEB57E68268202C800DC626F /* LaunchScreen.storyboard */ = {
			isa = PBXVariantGroup;
			children = (
				CEB57E69268202C800DC626F /* Base */,
			);
			name = LaunchScreen.storyboard;
			sourceTree = "<group>";
		};
/* End PBXVariantGroup section */

/* Begin XCBuildConfiguration section */
		CEB57E2E268200AF00DC626F /* Debug */ = {
			isa = XCBuildConfiguration;
			buildSettings = {
				ALWAYS_SEARCH_USER_PATHS = NO;
				CLANG_ANALYZER_NONNULL = YES;
				CLANG_ANALYZER_NUMBER_OBJECT_CONVERSION = YES_AGGRESSIVE;
				CLANG_CXX_LANGUAGE_STANDARD = "gnu++14";
				CLANG_CXX_LIBRARY = "libc++";
				CLANG_ENABLE_MODULES = YES;
				CLANG_ENABLE_OBJC_ARC = YES;
				CLANG_ENABLE_OBJC_WEAK = YES;
				CLANG_WARN_BLOCK_CAPTURE_AUTORELEASING = YES;
				CLANG_WARN_BOOL_CONVERSION = YES;
				CLANG_WARN_COMMA = YES;
				CLANG_WARN_CONSTANT_CONVERSION = YES;
				CLANG_WARN_DEPRECATED_OBJC_IMPLEMENTATIONS = YES;
				CLANG_WARN_DIRECT_OBJC_ISA_USAGE = YES_ERROR;
				CLANG_WARN_DOCUMENTATION_COMMENTS = YES;
				CLANG_WARN_EMPTY_BODY = YES;
				CLANG_WARN_ENUM_CONVERSION = YES;
				CLANG_WARN_INFINITE_RECURSION = YES;
				CLANG_WARN_INT_CONVERSION = YES;
				CLANG_WARN_NON_LITERAL_NULL_CONVERSION = YES;
				CLANG_WARN_OBJC_IMPLICIT_RETAIN_SELF = YES;
				CLANG_WARN_OBJC_LITERAL_CONVERSION = YES;
				CLANG_WARN_OBJC_ROOT_CLASS = YES_ERROR;
				CLANG_WARN_QUOTED_INCLUDE_IN_FRAMEWORK_HEADER = YES;
				CLANG_WARN_RANGE_LOOP_ANALYSIS = YES;
				CLANG_WARN_STRICT_PROTOTYPES = YES;
				CLANG_WARN_SUSPICIOUS_MOVE = YES;
				CLANG_WARN_UNGUARDED_AVAILABILITY = YES_AGGRESSIVE;
				CLANG_WARN_UNREACHABLE_CODE = YES;
				CLANG_WARN__DUPLICATE_METHOD_MATCH = YES;
				COPY_PHASE_STRIP = NO;
				CURRENT_PROJECT_VERSION = 1;
				DEBUG_INFORMATION_FORMAT = dwarf;
				ENABLE_STRICT_OBJC_MSGSEND = YES;
				ENABLE_TESTABILITY = YES;
				GCC_C_LANGUAGE_STANDARD = gnu11;
				GCC_DYNAMIC_NO_PIC = NO;
				GCC_NO_COMMON_BLOCKS = YES;
				GCC_OPTIMIZATION_LEVEL = 0;
				GCC_PREPROCESSOR_DEFINITIONS = (
					"DEBUG=1",
					"$(inherited)",
				);
				GCC_WARN_64_TO_32_BIT_CONVERSION = YES;
				GCC_WARN_ABOUT_RETURN_TYPE = YES_ERROR;
				GCC_WARN_UNDECLARED_SELECTOR = YES;
				GCC_WARN_UNINITIALIZED_AUTOS = YES_AGGRESSIVE;
				GCC_WARN_UNUSED_FUNCTION = YES;
				GCC_WARN_UNUSED_VARIABLE = YES;
				IPHONEOS_DEPLOYMENT_TARGET = 14.5;
				MTL_ENABLE_DEBUG_INFO = INCLUDE_SOURCE;
				MTL_FAST_MATH = YES;
				ONLY_ACTIVE_ARCH = YES;
				SDKROOT = iphoneos;
				SWIFT_ACTIVE_COMPILATION_CONDITIONS = DEBUG;
				SWIFT_OPTIMIZATION_LEVEL = "-Onone";
				VERSIONING_SYSTEM = "apple-generic";
				VERSION_INFO_PREFIX = "";
			};
			name = Debug;
		};
		CEB57E2F268200AF00DC626F /* Release */ = {
			isa = XCBuildConfiguration;
			buildSettings = {
				ALWAYS_SEARCH_USER_PATHS = NO;
				CLANG_ANALYZER_NONNULL = YES;
				CLANG_ANALYZER_NUMBER_OBJECT_CONVERSION = YES_AGGRESSIVE;
				CLANG_CXX_LANGUAGE_STANDARD = "gnu++14";
				CLANG_CXX_LIBRARY = "libc++";
				CLANG_ENABLE_MODULES = YES;
				CLANG_ENABLE_OBJC_ARC = YES;
				CLANG_ENABLE_OBJC_WEAK = YES;
				CLANG_WARN_BLOCK_CAPTURE_AUTORELEASING = YES;
				CLANG_WARN_BOOL_CONVERSION = YES;
				CLANG_WARN_COMMA = YES;
				CLANG_WARN_CONSTANT_CONVERSION = YES;
				CLANG_WARN_DEPRECATED_OBJC_IMPLEMENTATIONS = YES;
				CLANG_WARN_DIRECT_OBJC_ISA_USAGE = YES_ERROR;
				CLANG_WARN_DOCUMENTATION_COMMENTS = YES;
				CLANG_WARN_EMPTY_BODY = YES;
				CLANG_WARN_ENUM_CONVERSION = YES;
				CLANG_WARN_INFINITE_RECURSION = YES;
				CLANG_WARN_INT_CONVERSION = YES;
				CLANG_WARN_NON_LITERAL_NULL_CONVERSION = YES;
				CLANG_WARN_OBJC_IMPLICIT_RETAIN_SELF = YES;
				CLANG_WARN_OBJC_LITERAL_CONVERSION = YES;
				CLANG_WARN_OBJC_ROOT_CLASS = YES_ERROR;
				CLANG_WARN_QUOTED_INCLUDE_IN_FRAMEWORK_HEADER = YES;
				CLANG_WARN_RANGE_LOOP_ANALYSIS = YES;
				CLANG_WARN_STRICT_PROTOTYPES = YES;
				CLANG_WARN_SUSPICIOUS_MOVE = YES;
				CLANG_WARN_UNGUARDED_AVAILABILITY = YES_AGGRESSIVE;
				CLANG_WARN_UNREACHABLE_CODE = YES;
				CLANG_WARN__DUPLICATE_METHOD_MATCH = YES;
				COPY_PHASE_STRIP = NO;
				CURRENT_PROJECT_VERSION = 1;
				DEBUG_INFORMATION_FORMAT = "dwarf-with-dsym";
				ENABLE_NS_ASSERTIONS = NO;
				ENABLE_STRICT_OBJC_MSGSEND = YES;
				GCC_C_LANGUAGE_STANDARD = gnu11;
				GCC_NO_COMMON_BLOCKS = YES;
				GCC_WARN_64_TO_32_BIT_CONVERSION = YES;
				GCC_WARN_ABOUT_RETURN_TYPE = YES_ERROR;
				GCC_WARN_UNDECLARED_SELECTOR = YES;
				GCC_WARN_UNINITIALIZED_AUTOS = YES_AGGRESSIVE;
				GCC_WARN_UNUSED_FUNCTION = YES;
				GCC_WARN_UNUSED_VARIABLE = YES;
				IPHONEOS_DEPLOYMENT_TARGET = 14.5;
				MTL_ENABLE_DEBUG_INFO = NO;
				MTL_FAST_MATH = YES;
				SDKROOT = iphoneos;
				SWIFT_COMPILATION_MODE = wholemodule;
				SWIFT_OPTIMIZATION_LEVEL = "-O";
				VALIDATE_PRODUCT = YES;
				VERSIONING_SYSTEM = "apple-generic";
				VERSION_INFO_PREFIX = "";
			};
			name = Release;
		};
		CEB57E31268200AF00DC626F /* Debug */ = {
			isa = XCBuildConfiguration;
			buildSettings = {
				CLANG_ENABLE_MODULES = YES;
				CODE_SIGN_STYLE = Automatic;
				DEFINES_MODULE = YES;
				DEVELOPMENT_TEAM = SH5SE95FQ4;
				DYLIB_COMPATIBILITY_VERSION = 1;
				DYLIB_CURRENT_VERSION = 1;
				DYLIB_INSTALL_NAME_BASE = "@rpath";
				INFOPLIST_FILE = TestPod/Info.plist;
				INSTALL_PATH = "$(LOCAL_LIBRARY_DIR)/Frameworks";
				LD_RUNPATH_SEARCH_PATHS = (
					"$(inherited)",
					"@executable_path/Frameworks",
					"@loader_path/Frameworks",
				);
				PRODUCT_BUNDLE_IDENTIFIER = williamwcp06.TestPod;
				PRODUCT_NAME = "$(TARGET_NAME:c99extidentifier)";
				SKIP_INSTALL = YES;
				SUPPORTS_MACCATALYST = NO;
				SWIFT_OPTIMIZATION_LEVEL = "-Onone";
				SWIFT_VERSION = 5.0;
				TARGETED_DEVICE_FAMILY = 1;
			};
			name = Debug;
		};
		CEB57E32268200AF00DC626F /* Release */ = {
			isa = XCBuildConfiguration;
			buildSettings = {
				CLANG_ENABLE_MODULES = YES;
				CODE_SIGN_STYLE = Automatic;
				DEFINES_MODULE = YES;
				DEVELOPMENT_TEAM = SH5SE95FQ4;
				DYLIB_COMPATIBILITY_VERSION = 1;
				DYLIB_CURRENT_VERSION = 1;
				DYLIB_INSTALL_NAME_BASE = "@rpath";
				INFOPLIST_FILE = TestPod/Info.plist;
				INSTALL_PATH = "$(LOCAL_LIBRARY_DIR)/Frameworks";
				LD_RUNPATH_SEARCH_PATHS = (
					"$(inherited)",
					"@executable_path/Frameworks",
					"@loader_path/Frameworks",
				);
				PRODUCT_BUNDLE_IDENTIFIER = williamwcp06.TestPod;
				PRODUCT_NAME = "$(TARGET_NAME:c99extidentifier)";
				SKIP_INSTALL = YES;
				SUPPORTS_MACCATALYST = NO;
				SWIFT_VERSION = 5.0;
				TARGETED_DEVICE_FAMILY = 1;
			};
			name = Release;
		};
		CEB57E34268200AF00DC626F /* Debug */ = {
			isa = XCBuildConfiguration;
			buildSettings = {
				ALWAYS_EMBED_SWIFT_STANDARD_LIBRARIES = YES;
				CODE_SIGN_STYLE = Automatic;
				DEVELOPMENT_TEAM = SH5SE95FQ4;
				INFOPLIST_FILE = TestPodTests/Info.plist;
				LD_RUNPATH_SEARCH_PATHS = (
					"$(inherited)",
					"@executable_path/Frameworks",
					"@loader_path/Frameworks",
				);
				PRODUCT_BUNDLE_IDENTIFIER = williamwcp06.TestPodTests;
				PRODUCT_NAME = "$(TARGET_NAME)";
				SWIFT_VERSION = 5.0;
				TARGETED_DEVICE_FAMILY = "1,2";
			};
			name = Debug;
		};
		CEB57E35268200AF00DC626F /* Release */ = {
			isa = XCBuildConfiguration;
			buildSettings = {
				ALWAYS_EMBED_SWIFT_STANDARD_LIBRARIES = YES;
				CODE_SIGN_STYLE = Automatic;
				DEVELOPMENT_TEAM = SH5SE95FQ4;
				INFOPLIST_FILE = TestPodTests/Info.plist;
				LD_RUNPATH_SEARCH_PATHS = (
					"$(inherited)",
					"@executable_path/Frameworks",
					"@loader_path/Frameworks",
				);
				PRODUCT_BUNDLE_IDENTIFIER = williamwcp06.TestPodTests;
				PRODUCT_NAME = "$(TARGET_NAME)";
				SWIFT_VERSION = 5.0;
				TARGETED_DEVICE_FAMILY = "1,2";
			};
			name = Release;
		};
		CEB57E6D268202C800DC626F /* Debug */ = {
			isa = XCBuildConfiguration;
			buildSettings = {
				ASSETCATALOG_COMPILER_APPICON_NAME = AppIcon;
				ASSETCATALOG_COMPILER_GLOBAL_ACCENT_COLOR_NAME = AccentColor;
				CODE_SIGN_STYLE = Automatic;
				DEVELOPMENT_TEAM = SH5SE95FQ4;
				INFOPLIST_FILE = TestPodExample/Info.plist;
				LD_RUNPATH_SEARCH_PATHS = (
					"$(inherited)",
					"@executable_path/Frameworks",
				);
				PRODUCT_BUNDLE_IDENTIFIER = williamwcp06.TestPodExample;
				PRODUCT_NAME = "$(TARGET_NAME)";
				SWIFT_VERSION = 5.0;
				TARGETED_DEVICE_FAMILY = "1,2";
			};
			name = Debug;
		};
		CEB57E6E268202C800DC626F /* Release */ = {
			isa = XCBuildConfiguration;
			buildSettings = {
				ASSETCATALOG_COMPILER_APPICON_NAME = AppIcon;
				ASSETCATALOG_COMPILER_GLOBAL_ACCENT_COLOR_NAME = AccentColor;
				CODE_SIGN_STYLE = Automatic;
				DEVELOPMENT_TEAM = SH5SE95FQ4;
				INFOPLIST_FILE = TestPodExample/Info.plist;
				LD_RUNPATH_SEARCH_PATHS = (
					"$(inherited)",
					"@executable_path/Frameworks",
				);
				PRODUCT_BUNDLE_IDENTIFIER = williamwcp06.TestPodExample;
				PRODUCT_NAME = "$(TARGET_NAME)";
				SWIFT_VERSION = 5.0;
				TARGETED_DEVICE_FAMILY = "1,2";
			};
			name = Release;
		};
/* End XCBuildConfiguration section */

/* Begin XCConfigurationList section */
		CEB57E16268200AE00DC626F /* Build configuration list for PBXProject "TestPod" */ = {
			isa = XCConfigurationList;
			buildConfigurations = (
				CEB57E2E268200AF00DC626F /* Debug */,
				CEB57E2F268200AF00DC626F /* Release */,
			);
			defaultConfigurationIsVisible = 0;
			defaultConfigurationName = Release;
		};
		CEB57E30268200AF00DC626F /* Build configuration list for PBXNativeTarget "TestPod" */ = {
			isa = XCConfigurationList;
			buildConfigurations = (
				CEB57E31268200AF00DC626F /* Debug */,
				CEB57E32268200AF00DC626F /* Release */,
			);
			defaultConfigurationIsVisible = 0;
			defaultConfigurationName = Release;
		};
		CEB57E33268200AF00DC626F /* Build configuration list for PBXNativeTarget "TestPodTests" */ = {
			isa = XCConfigurationList;
			buildConfigurations = (
				CEB57E34268200AF00DC626F /* Debug */,
				CEB57E35268200AF00DC626F /* Release */,
			);
			defaultConfigurationIsVisible = 0;
			defaultConfigurationName = Release;
		};
		CEB57E6C268202C800DC626F /* Build configuration list for PBXNativeTarget "TestPodExample" */ = {
			isa = XCConfigurationList;
			buildConfigurations = (
				CEB57E6D268202C800DC626F /* Debug */,
				CEB57E6E268202C800DC626F /* Release */,
			);
			defaultConfigurationIsVisible = 0;
			defaultConfigurationName = Release;
		};
/* End XCConfigurationList section */
	};
	rootObject = CEB57E13268200AE00DC626F /* Project object */;
}
